// !$*UTF8*$!
{
	archiveVersion = 1;
	classes = {
	};
	objectVersion = 50;
	objects = {

/* Begin PBXBuildFile section */
		52FE2B6B2721D6510041C5CA /* AppDelegate.swift in Sources */ = {isa = PBXBuildFile; fileRef = 52FE2B6A2721D6510041C5CA /* AppDelegate.swift */; };
		52FE2B6D2721D6510041C5CA /* SceneDelegate.swift in Sources */ = {isa = PBXBuildFile; fileRef = 52FE2B6C2721D6510041C5CA /* SceneDelegate.swift */; };
		52FE2B6F2721D6510041C5CA /* ContentView.swift in Sources */ = {isa = PBXBuildFile; fileRef = 52FE2B6E2721D6510041C5CA /* ContentView.swift */; };
		52FE2B712721D6530041C5CA /* Assets.xcassets in Resources */ = {isa = PBXBuildFile; fileRef = 52FE2B702721D6530041C5CA /* Assets.xcassets */; };
		52FE2B822721D6530041C5CA /* thingTests.swift in Sources */ = {isa = PBXBuildFile; fileRef = 52FE2B812721D6530041C5CA /* thingTests.swift */; };
		52FE2B8D2721D6530041C5CA /* thingUITests.swift in Sources */ = {isa = PBXBuildFile; fileRef = 52FE2B8C2721D6530041C5CA /* thingUITests.swift */; };
		52FE2B9B2721DE4C0041C5CA /* TickerViewController.swift in Sources */ = {isa = PBXBuildFile; fileRef = 52FE2B9A2721DE4C0041C5CA /* TickerViewController.swift */; };
		52FE2B9D2721E5F10041C5CA /* TickerTableViewCell.swift in Sources */ = {isa = PBXBuildFile; fileRef = 52FE2B9C2721E5F10041C5CA /* TickerTableViewCell.swift */; };
		52FE2B9F2721EFF10041C5CA /* TickerResponse.swift in Sources */ = {isa = PBXBuildFile; fileRef = 52FE2B9E2721EFF10041C5CA /* TickerResponse.swift */; };
		52FE2BA12721F0960041C5CA /* EODResponse.swift in Sources */ = {isa = PBXBuildFile; fileRef = 52FE2BA02721F0960041C5CA /* EODResponse.swift */; };
		52FE2BA32721F1D00041C5CA /* StockPriceProviding.swift in Sources */ = {isa = PBXBuildFile; fileRef = 52FE2BA22721F1D00041C5CA /* StockPriceProviding.swift */; };
		52FE2BA52721F21D0041C5CA /* StockPriceProvider.swift in Sources */ = {isa = PBXBuildFile; fileRef = 52FE2BA42721F21D0041C5CA /* StockPriceProvider.swift */; };
		52FE2BA92721F5DA0041C5CA /* TickerViewModel.swift in Sources */ = {isa = PBXBuildFile; fileRef = 52FE2BA82721F5DA0041C5CA /* TickerViewModel.swift */; };
		52FE2BAB272215650041C5CA /* SymbolDetailViewController.swift in Sources */ = {isa = PBXBuildFile; fileRef = 52FE2BAA272215650041C5CA /* SymbolDetailViewController.swift */; };
		52FE2BAD272215790041C5CA /* SymbolDetailViewModel.swift in Sources */ = {isa = PBXBuildFile; fileRef = 52FE2BAC272215790041C5CA /* SymbolDetailViewModel.swift */; };
		52FE2BAF272216CF0041C5CA /* SymbolPriceGraph.swift in Sources */ = {isa = PBXBuildFile; fileRef = 52FE2BAE272216CF0041C5CA /* SymbolPriceGraph.swift */; };
		52FE2BB127221B880041C5CA /* Colors.swift in Sources */ = {isa = PBXBuildFile; fileRef = 52FE2BB027221B880041C5CA /* Colors.swift */; };
		52FE2BC32725983B0041C5CA /* TickerItem.swift in Sources */ = {isa = PBXBuildFile; fileRef = 52FE2BC22725983B0041C5CA /* TickerItem.swift */; };
		52FE2BC5272598550041C5CA /* SymbolPrice.swift in Sources */ = {isa = PBXBuildFile; fileRef = 52FE2BC4272598550041C5CA /* SymbolPrice.swift */; };
		52FE2BC7272598CB0041C5CA /* TickerPresenter.swift in Sources */ = {isa = PBXBuildFile; fileRef = 52FE2BC6272598CB0041C5CA /* TickerPresenter.swift */; };
		52FE2BCA272598F40041C5CA /* TickerProtocols.swift in Sources */ = {isa = PBXBuildFile; fileRef = 52FE2BC9272598F40041C5CA /* TickerProtocols.swift */; };
		52FE2BCC2725999F0041C5CA /* TickerRouter.swift in Sources */ = {isa = PBXBuildFile; fileRef = 52FE2BCB2725999F0041C5CA /* TickerRouter.swift */; };
		52FE2BCE272599B10041C5CA /* TickerInteractor.swift in Sources */ = {isa = PBXBuildFile; fileRef = 52FE2BCD272599B10041C5CA /* TickerInteractor.swift */; };
		52FE2BD027263E900041C5CA /* SymbolDetailPresenter.swift in Sources */ = {isa = PBXBuildFile; fileRef = 52FE2BCF27263E900041C5CA /* SymbolDetailPresenter.swift */; };
		52FE2BD327263EAC0041C5CA /* SymbolDetailProtocols.swift in Sources */ = {isa = PBXBuildFile; fileRef = 52FE2BD227263EAC0041C5CA /* SymbolDetailProtocols.swift */; };
		52FE2BD52726402F0041C5CA /* SymbolDetailRouter.swift in Sources */ = {isa = PBXBuildFile; fileRef = 52FE2BD42726402F0041C5CA /* SymbolDetailRouter.swift */; };
		52FE2BD7272640530041C5CA /* SymbolDetailInteractor.swift in Sources */ = {isa = PBXBuildFile; fileRef = 52FE2BD6272640530041C5CA /* SymbolDetailInteractor.swift */; };
/* End PBXBuildFile section */

/* Begin PBXContainerItemProxy section */
		52FE2B7E2721D6530041C5CA /* PBXContainerItemProxy */ = {
			isa = PBXContainerItemProxy;
			containerPortal = 52FE2B5F2721D6510041C5CA /* Project object */;
			proxyType = 1;
			remoteGlobalIDString = 52FE2B662721D6510041C5CA;
			remoteInfo = thing;
		};
		52FE2B892721D6530041C5CA /* PBXContainerItemProxy */ = {
			isa = PBXContainerItemProxy;
			containerPortal = 52FE2B5F2721D6510041C5CA /* Project object */;
			proxyType = 1;
			remoteGlobalIDString = 52FE2B662721D6510041C5CA;
			remoteInfo = thing;
		};
/* End PBXContainerItemProxy section */

/* Begin PBXFileReference section */
		52FE2B672721D6510041C5CA /* thing.app */ = {isa = PBXFileReference; explicitFileType = wrapper.application; includeInIndex = 0; path = thing.app; sourceTree = BUILT_PRODUCTS_DIR; };
		52FE2B6A2721D6510041C5CA /* AppDelegate.swift */ = {isa = PBXFileReference; lastKnownFileType = sourcecode.swift; path = AppDelegate.swift; sourceTree = "<group>"; };
		52FE2B6C2721D6510041C5CA /* SceneDelegate.swift */ = {isa = PBXFileReference; lastKnownFileType = sourcecode.swift; path = SceneDelegate.swift; sourceTree = "<group>"; };
		52FE2B6E2721D6510041C5CA /* ContentView.swift */ = {isa = PBXFileReference; lastKnownFileType = sourcecode.swift; path = ContentView.swift; sourceTree = "<group>"; };
		52FE2B702721D6530041C5CA /* Assets.xcassets */ = {isa = PBXFileReference; lastKnownFileType = folder.assetcatalog; path = Assets.xcassets; sourceTree = "<group>"; };
		52FE2B782721D6530041C5CA /* Info.plist */ = {isa = PBXFileReference; lastKnownFileType = text.plist.xml; path = Info.plist; sourceTree = "<group>"; };
		52FE2B7D2721D6530041C5CA /* thingTests.xctest */ = {isa = PBXFileReference; explicitFileType = wrapper.cfbundle; includeInIndex = 0; path = thingTests.xctest; sourceTree = BUILT_PRODUCTS_DIR; };
		52FE2B812721D6530041C5CA /* thingTests.swift */ = {isa = PBXFileReference; lastKnownFileType = sourcecode.swift; path = thingTests.swift; sourceTree = "<group>"; };
		52FE2B832721D6530041C5CA /* Info.plist */ = {isa = PBXFileReference; lastKnownFileType = text.plist.xml; path = Info.plist; sourceTree = "<group>"; };
		52FE2B882721D6530041C5CA /* thingUITests.xctest */ = {isa = PBXFileReference; explicitFileType = wrapper.cfbundle; includeInIndex = 0; path = thingUITests.xctest; sourceTree = BUILT_PRODUCTS_DIR; };
		52FE2B8C2721D6530041C5CA /* thingUITests.swift */ = {isa = PBXFileReference; lastKnownFileType = sourcecode.swift; path = thingUITests.swift; sourceTree = "<group>"; };
		52FE2B8E2721D6530041C5CA /* Info.plist */ = {isa = PBXFileReference; lastKnownFileType = text.plist.xml; path = Info.plist; sourceTree = "<group>"; };
		52FE2B9A2721DE4C0041C5CA /* TickerViewController.swift */ = {isa = PBXFileReference; lastKnownFileType = sourcecode.swift; path = TickerViewController.swift; sourceTree = "<group>"; };
		52FE2B9C2721E5F10041C5CA /* TickerTableViewCell.swift */ = {isa = PBXFileReference; lastKnownFileType = sourcecode.swift; path = TickerTableViewCell.swift; sourceTree = "<group>"; };
		52FE2B9E2721EFF10041C5CA /* TickerResponse.swift */ = {isa = PBXFileReference; lastKnownFileType = sourcecode.swift; path = TickerResponse.swift; sourceTree = "<group>"; };
		52FE2BA02721F0960041C5CA /* EODResponse.swift */ = {isa = PBXFileReference; lastKnownFileType = sourcecode.swift; path = EODResponse.swift; sourceTree = "<group>"; };
		52FE2BA22721F1D00041C5CA /* StockPriceProviding.swift */ = {isa = PBXFileReference; lastKnownFileType = sourcecode.swift; path = StockPriceProviding.swift; sourceTree = "<group>"; };
		52FE2BA42721F21D0041C5CA /* StockPriceProvider.swift */ = {isa = PBXFileReference; lastKnownFileType = sourcecode.swift; path = StockPriceProvider.swift; sourceTree = "<group>"; };
		52FE2BA82721F5DA0041C5CA /* TickerViewModel.swift */ = {isa = PBXFileReference; lastKnownFileType = sourcecode.swift; path = TickerViewModel.swift; sourceTree = "<group>"; };
		52FE2BAA272215650041C5CA /* SymbolDetailViewController.swift */ = {isa = PBXFileReference; lastKnownFileType = sourcecode.swift; path = SymbolDetailViewController.swift; sourceTree = "<group>"; };
		52FE2BAC272215790041C5CA /* SymbolDetailViewModel.swift */ = {isa = PBXFileReference; lastKnownFileType = sourcecode.swift; path = SymbolDetailViewModel.swift; sourceTree = "<group>"; };
		52FE2BAE272216CF0041C5CA /* SymbolPriceGraph.swift */ = {isa = PBXFileReference; lastKnownFileType = sourcecode.swift; path = SymbolPriceGraph.swift; sourceTree = "<group>"; };
		52FE2BB027221B880041C5CA /* Colors.swift */ = {isa = PBXFileReference; lastKnownFileType = sourcecode.swift; path = Colors.swift; sourceTree = "<group>"; };
		52FE2BC22725983B0041C5CA /* TickerItem.swift */ = {isa = PBXFileReference; lastKnownFileType = sourcecode.swift; path = TickerItem.swift; sourceTree = "<group>"; };
		52FE2BC4272598550041C5CA /* SymbolPrice.swift */ = {isa = PBXFileReference; lastKnownFileType = sourcecode.swift; path = SymbolPrice.swift; sourceTree = "<group>"; };
		52FE2BC6272598CB0041C5CA /* TickerPresenter.swift */ = {isa = PBXFileReference; lastKnownFileType = sourcecode.swift; path = TickerPresenter.swift; sourceTree = "<group>"; };
		52FE2BC9272598F40041C5CA /* TickerProtocols.swift */ = {isa = PBXFileReference; lastKnownFileType = sourcecode.swift; path = TickerProtocols.swift; sourceTree = "<group>"; };
		52FE2BCB2725999F0041C5CA /* TickerRouter.swift */ = {isa = PBXFileReference; lastKnownFileType = sourcecode.swift; path = TickerRouter.swift; sourceTree = "<group>"; };
		52FE2BCD272599B10041C5CA /* TickerInteractor.swift */ = {isa = PBXFileReference; lastKnownFileType = sourcecode.swift; path = TickerInteractor.swift; sourceTree = "<group>"; };
		52FE2BCF27263E900041C5CA /* SymbolDetailPresenter.swift */ = {isa = PBXFileReference; lastKnownFileType = sourcecode.swift; path = SymbolDetailPresenter.swift; sourceTree = "<group>"; };
		52FE2BD227263EAC0041C5CA /* SymbolDetailProtocols.swift */ = {isa = PBXFileReference; lastKnownFileType = sourcecode.swift; path = SymbolDetailProtocols.swift; sourceTree = "<group>"; };
		52FE2BD42726402F0041C5CA /* SymbolDetailRouter.swift */ = {isa = PBXFileReference; lastKnownFileType = sourcecode.swift; path = SymbolDetailRouter.swift; sourceTree = "<group>"; };
		52FE2BD6272640530041C5CA /* SymbolDetailInteractor.swift */ = {isa = PBXFileReference; lastKnownFileType = sourcecode.swift; path = SymbolDetailInteractor.swift; sourceTree = "<group>"; };
/* End PBXFileReference section */

/* Begin PBXFrameworksBuildPhase section */
		52FE2B642721D6510041C5CA /* Frameworks */ = {
			isa = PBXFrameworksBuildPhase;
			buildActionMask = 2147483647;
			files = (
			);
			runOnlyForDeploymentPostprocessing = 0;
		};
		52FE2B7A2721D6530041C5CA /* Frameworks */ = {
			isa = PBXFrameworksBuildPhase;
			buildActionMask = 2147483647;
			files = (
			);
			runOnlyForDeploymentPostprocessing = 0;
		};
		52FE2B852721D6530041C5CA /* Frameworks */ = {
			isa = PBXFrameworksBuildPhase;
			buildActionMask = 2147483647;
			files = (
			);
			runOnlyForDeploymentPostprocessing = 0;
		};
/* End PBXFrameworksBuildPhase section */

/* Begin PBXGroup section */
		52FE2B5E2721D6510041C5CA = {
			isa = PBXGroup;
			children = (
				52FE2B692721D6510041C5CA /* thing */,
				52FE2B802721D6530041C5CA /* thingTests */,
				52FE2B8B2721D6530041C5CA /* thingUITests */,
				52FE2B682721D6510041C5CA /* Products */,
			);
			sourceTree = "<group>";
		};
		52FE2B682721D6510041C5CA /* Products */ = {
			isa = PBXGroup;
			children = (
				52FE2B672721D6510041C5CA /* thing.app */,
				52FE2B7D2721D6530041C5CA /* thingTests.xctest */,
				52FE2B882721D6530041C5CA /* thingUITests.xctest */,
			);
			name = Products;
			sourceTree = "<group>";
		};
		52FE2B692721D6510041C5CA /* thing */ = {
			isa = PBXGroup;
			children = (
				52FE2BB62723315B0041C5CA /* API */,
				52FE2BB5272331490041C5CA /* SymbolDetail */,
				52FE2BB42723313E0041C5CA /* Ticker */,
				52FE2B6A2721D6510041C5CA /* AppDelegate.swift */,
				52FE2B6C2721D6510041C5CA /* SceneDelegate.swift */,
				52FE2B6E2721D6510041C5CA /* ContentView.swift */,
				52FE2B702721D6530041C5CA /* Assets.xcassets */,
				52FE2B782721D6530041C5CA /* Info.plist */,
				52FE2BB027221B880041C5CA /* Colors.swift */,
			);
			path = thing;
			sourceTree = "<group>";
		};
		52FE2B802721D6530041C5CA /* thingTests */ = {
			isa = PBXGroup;
			children = (
				52FE2B812721D6530041C5CA /* thingTests.swift */,
				52FE2B832721D6530041C5CA /* Info.plist */,
			);
			path = thingTests;
			sourceTree = "<group>";
		};
		52FE2B8B2721D6530041C5CA /* thingUITests */ = {
			isa = PBXGroup;
			children = (
				52FE2B8C2721D6530041C5CA /* thingUITests.swift */,
				52FE2B8E2721D6530041C5CA /* Info.plist */,
			);
			path = thingUITests;
			sourceTree = "<group>";
		};
		52FE2BB42723313E0041C5CA /* Ticker */ = {
			isa = PBXGroup;
			children = (
				52FE2BC8272598EC0041C5CA /* Protocols */,
				52FE2BBC272597E20041C5CA /* Router */,
				52FE2BC0272597FE0041C5CA /* Presenter */,
				52FE2BBF272597F80041C5CA /* Interactor */,
				52FE2BBE272597F40041C5CA /* View */,
				52FE2BBD272597E80041C5CA /* Entity */,
				52FE2BA82721F5DA0041C5CA /* TickerViewModel.swift */,
			);
			path = Ticker;
			sourceTree = "<group>";
		};
		52FE2BB5272331490041C5CA /* SymbolDetail */ = {
			isa = PBXGroup;
			children = (
				52FE2BD127263EA00041C5CA /* Protocols */,
				52FE2BBB272597D80041C5CA /* Router */,
				52FE2BBA272597C20041C5CA /* Presenter */,
				52FE2BB9272597B60041C5CA /* Interactor */,
				52FE2BB8272597B00041C5CA /* View */,
				52FE2BB7272597AB0041C5CA /* Entity */,
				52FE2BAC272215790041C5CA /* SymbolDetailViewModel.swift */,
			);
			path = SymbolDetail;
			sourceTree = "<group>";
		};
		52FE2BB62723315B0041C5CA /* API */ = {
			isa = PBXGroup;
			children = (
				52FE2B9E2721EFF10041C5CA /* TickerResponse.swift */,
				52FE2BA02721F0960041C5CA /* EODResponse.swift */,
				52FE2BA22721F1D00041C5CA /* StockPriceProviding.swift */,
				52FE2BA42721F21D0041C5CA /* StockPriceProvider.swift */,
			);
			path = API;
			sourceTree = "<group>";
		};
		52FE2BB7272597AB0041C5CA /* Entity */ = {
			isa = PBXGroup;
			children = (
				52FE2BC4272598550041C5CA /* SymbolPrice.swift */,
			);
			path = Entity;
			sourceTree = "<group>";
		};
		52FE2BB8272597B00041C5CA /* View */ = {
			isa = PBXGroup;
			children = (
				52FE2BAA272215650041C5CA /* SymbolDetailViewController.swift */,
				52FE2BAE272216CF0041C5CA /* SymbolPriceGraph.swift */,
			);
			path = View;
			sourceTree = "<group>";
		};
		52FE2BB9272597B60041C5CA /* Interactor */ = {
			isa = PBXGroup;
			children = (
				52FE2BD6272640530041C5CA /* SymbolDetailInteractor.swift */,
			);
			path = Interactor;
			sourceTree = "<group>";
		};
		52FE2BBA272597C20041C5CA /* Presenter */ = {
			isa = PBXGroup;
			children = (
				52FE2BCF27263E900041C5CA /* SymbolDetailPresenter.swift */,
			);
			path = Presenter;
			sourceTree = "<group>";
		};
		52FE2BBB272597D80041C5CA /* Router */ = {
			isa = PBXGroup;
			children = (
				52FE2BD42726402F0041C5CA /* SymbolDetailRouter.swift */,
			);
			path = Router;
			sourceTree = "<group>";
		};
		52FE2BBC272597E20041C5CA /* Router */ = {
			isa = PBXGroup;
			children = (
				52FE2BCB2725999F0041C5CA /* TickerRouter.swift */,
			);
			path = Router;
			sourceTree = "<group>";
		};
		52FE2BBD272597E80041C5CA /* Entity */ = {
			isa = PBXGroup;
			children = (
				52FE2BC22725983B0041C5CA /* TickerItem.swift */,
			);
			path = Entity;
			sourceTree = "<group>";
		};
		52FE2BBE272597F40041C5CA /* View */ = {
			isa = PBXGroup;
			children = (
				52FE2B9A2721DE4C0041C5CA /* TickerViewController.swift */,
				52FE2B9C2721E5F10041C5CA /* TickerTableViewCell.swift */,
			);
			path = View;
			sourceTree = "<group>";
		};
		52FE2BBF272597F80041C5CA /* Interactor */ = {
			isa = PBXGroup;
			children = (
				52FE2BCD272599B10041C5CA /* TickerInteractor.swift */,
			);
			path = Interactor;
			sourceTree = "<group>";
		};
		52FE2BC0272597FE0041C5CA /* Presenter */ = {
			isa = PBXGroup;
			children = (
				52FE2BC6272598CB0041C5CA /* TickerPresenter.swift */,
			);
			path = Presenter;
			sourceTree = "<group>";
		};
		52FE2BC8272598EC0041C5CA /* Protocols */ = {
			isa = PBXGroup;
			children = (
				52FE2BC9272598F40041C5CA /* TickerProtocols.swift */,
			);
			path = Protocols;
			sourceTree = "<group>";
		};
		52FE2BD127263EA00041C5CA /* Protocols */ = {
			isa = PBXGroup;
			children = (
				52FE2BD227263EAC0041C5CA /* SymbolDetailProtocols.swift */,
			);
			path = Protocols;
			sourceTree = "<group>";
		};
/* End PBXGroup section */

/* Begin PBXNativeTarget section */
		52FE2B662721D6510041C5CA /* thing */ = {
			isa = PBXNativeTarget;
			buildConfigurationList = 52FE2B912721D6530041C5CA /* Build configuration list for PBXNativeTarget "thing" */;
			buildPhases = (
				52FE2B632721D6510041C5CA /* Sources */,
				52FE2B642721D6510041C5CA /* Frameworks */,
				52FE2B652721D6510041C5CA /* Resources */,
			);
			buildRules = (
			);
			dependencies = (
			);
			name = thing;
			productName = thing;
			productReference = 52FE2B672721D6510041C5CA /* thing.app */;
			productType = "com.apple.product-type.application";
		};
		52FE2B7C2721D6530041C5CA /* thingTests */ = {
			isa = PBXNativeTarget;
			buildConfigurationList = 52FE2B942721D6530041C5CA /* Build configuration list for PBXNativeTarget "thingTests" */;
			buildPhases = (
				52FE2B792721D6530041C5CA /* Sources */,
				52FE2B7A2721D6530041C5CA /* Frameworks */,
				52FE2B7B2721D6530041C5CA /* Resources */,
			);
			buildRules = (
			);
			dependencies = (
				52FE2B7F2721D6530041C5CA /* PBXTargetDependency */,
			);
			name = thingTests;
			productName = thingTests;
			productReference = 52FE2B7D2721D6530041C5CA /* thingTests.xctest */;
			productType = "com.apple.product-type.bundle.unit-test";
		};
		52FE2B872721D6530041C5CA /* thingUITests */ = {
			isa = PBXNativeTarget;
			buildConfigurationList = 52FE2B972721D6530041C5CA /* Build configuration list for PBXNativeTarget "thingUITests" */;
			buildPhases = (
				52FE2B842721D6530041C5CA /* Sources */,
				52FE2B852721D6530041C5CA /* Frameworks */,
				52FE2B862721D6530041C5CA /* Resources */,
			);
			buildRules = (
			);
			dependencies = (
				52FE2B8A2721D6530041C5CA /* PBXTargetDependency */,
			);
			name = thingUITests;
			productName = thingUITests;
			productReference = 52FE2B882721D6530041C5CA /* thingUITests.xctest */;
			productType = "com.apple.product-type.bundle.ui-testing";
		};
/* End PBXNativeTarget section */

/* Begin PBXProject section */
		52FE2B5F2721D6510041C5CA /* Project object */ = {
			isa = PBXProject;
			attributes = {
				LastSwiftUpdateCheck = 1250;
				LastUpgradeCheck = 1250;
				TargetAttributes = {
					52FE2B662721D6510041C5CA = {
						CreatedOnToolsVersion = 12.5;
					};
					52FE2B7C2721D6530041C5CA = {
						CreatedOnToolsVersion = 12.5;
						TestTargetID = 52FE2B662721D6510041C5CA;
					};
					52FE2B872721D6530041C5CA = {
						CreatedOnToolsVersion = 12.5;
						TestTargetID = 52FE2B662721D6510041C5CA;
					};
				};
			};
			buildConfigurationList = 52FE2B622721D6510041C5CA /* Build configuration list for PBXProject "thing" */;
			compatibilityVersion = "Xcode 9.3";
			developmentRegion = en;
			hasScannedForEncodings = 0;
			knownRegions = (
				en,
				Base,
			);
			mainGroup = 52FE2B5E2721D6510041C5CA;
			productRefGroup = 52FE2B682721D6510041C5CA /* Products */;
			projectDirPath = "";
			projectRoot = "";
			targets = (
				52FE2B662721D6510041C5CA /* thing */,
				52FE2B7C2721D6530041C5CA /* thingTests */,
				52FE2B872721D6530041C5CA /* thingUITests */,
			);
		};
/* End PBXProject section */

/* Begin PBXResourcesBuildPhase section */
		52FE2B652721D6510041C5CA /* Resources */ = {
			isa = PBXResourcesBuildPhase;
			buildActionMask = 2147483647;
			files = (
				52FE2B712721D6530041C5CA /* Assets.xcassets in Resources */,
			);
			runOnlyForDeploymentPostprocessing = 0;
		};
		52FE2B7B2721D6530041C5CA /* Resources */ = {
			isa = PBXResourcesBuildPhase;
			buildActionMask = 2147483647;
			files = (
			);
			runOnlyForDeploymentPostprocessing = 0;
		};
		52FE2B862721D6530041C5CA /* Resources */ = {
			isa = PBXResourcesBuildPhase;
			buildActionMask = 2147483647;
			files = (
			);
			runOnlyForDeploymentPostprocessing = 0;
		};
/* End PBXResourcesBuildPhase section */

/* Begin PBXSourcesBuildPhase section */
		52FE2B632721D6510041C5CA /* Sources */ = {
			isa = PBXSourcesBuildPhase;
			buildActionMask = 2147483647;
			files = (
				52FE2BD327263EAC0041C5CA /* SymbolDetailProtocols.swift in Sources */,
				52FE2B9D2721E5F10041C5CA /* TickerTableViewCell.swift in Sources */,
				52FE2BA12721F0960041C5CA /* EODResponse.swift in Sources */,
				52FE2BCE272599B10041C5CA /* TickerInteractor.swift in Sources */,
				52FE2B6B2721D6510041C5CA /* AppDelegate.swift in Sources */,
				52FE2BCA272598F40041C5CA /* TickerProtocols.swift in Sources */,
				52FE2BB127221B880041C5CA /* Colors.swift in Sources */,
				52FE2B9F2721EFF10041C5CA /* TickerResponse.swift in Sources */,
				52FE2BC5272598550041C5CA /* SymbolPrice.swift in Sources */,
				52FE2BA52721F21D0041C5CA /* StockPriceProvider.swift in Sources */,
				52FE2BC32725983B0041C5CA /* TickerItem.swift in Sources */,
				52FE2BD52726402F0041C5CA /* SymbolDetailRouter.swift in Sources */,
				52FE2B6D2721D6510041C5CA /* SceneDelegate.swift in Sources */,
				52FE2BD027263E900041C5CA /* SymbolDetailPresenter.swift in Sources */,
				52FE2BA32721F1D00041C5CA /* StockPriceProviding.swift in Sources */,
				52FE2BC7272598CB0041C5CA /* TickerPresenter.swift in Sources */,
				52FE2BCC2725999F0041C5CA /* TickerRouter.swift in Sources */,
				52FE2BAF272216CF0041C5CA /* SymbolPriceGraph.swift in Sources */,
				52FE2BAB272215650041C5CA /* SymbolDetailViewController.swift in Sources */,
				52FE2BD7272640530041C5CA /* SymbolDetailInteractor.swift in Sources */,
				52FE2B9B2721DE4C0041C5CA /* TickerViewController.swift in Sources */,
				52FE2BA92721F5DA0041C5CA /* TickerViewModel.swift in Sources */,
				52FE2B6F2721D6510041C5CA /* ContentView.swift in Sources */,
				52FE2BAD272215790041C5CA /* SymbolDetailViewModel.swift in Sources */,
			);
			runOnlyForDeploymentPostprocessing = 0;
		};
		52FE2B792721D6530041C5CA /* Sources */ = {
			isa = PBXSourcesBuildPhase;
			buildActionMask = 2147483647;
			files = (
				52FE2B822721D6530041C5CA /* thingTests.swift in Sources */,
			);
			runOnlyForDeploymentPostprocessing = 0;
		};
		52FE2B842721D6530041C5CA /* Sources */ = {
			isa = PBXSourcesBuildPhase;
			buildActionMask = 2147483647;
			files = (
				52FE2B8D2721D6530041C5CA /* thingUITests.swift in Sources */,
			);
			runOnlyForDeploymentPostprocessing = 0;
		};
/* End PBXSourcesBuildPhase section */

/* Begin PBXTargetDependency section */
		52FE2B7F2721D6530041C5CA /* PBXTargetDependency */ = {
			isa = PBXTargetDependency;
			target = 52FE2B662721D6510041C5CA /* thing */;
			targetProxy = 52FE2B7E2721D6530041C5CA /* PBXContainerItemProxy */;
		};
		52FE2B8A2721D6530041C5CA /* PBXTargetDependency */ = {
			isa = PBXTargetDependency;
			target = 52FE2B662721D6510041C5CA /* thing */;
			targetProxy = 52FE2B892721D6530041C5CA /* PBXContainerItemProxy */;
		};
/* End PBXTargetDependency section */

/* Begin XCBuildConfiguration section */
		52FE2B8F2721D6530041C5CA /* Debug */ = {
			isa = XCBuildConfiguration;
			buildSettings = {
				ALWAYS_SEARCH_USER_PATHS = NO;
				CLANG_ANALYZER_NONNULL = YES;
				CLANG_ANALYZER_NUMBER_OBJECT_CONVERSION = YES_AGGRESSIVE;
				CLANG_CXX_LANGUAGE_STANDARD = "gnu++14";
				CLANG_CXX_LIBRARY = "libc++";
				CLANG_ENABLE_MODULES = YES;
				CLANG_ENABLE_OBJC_ARC = YES;
				CLANG_ENABLE_OBJC_WEAK = YES;
				CLANG_WARN_BLOCK_CAPTURE_AUTORELEASING = YES;
				CLANG_WARN_BOOL_CONVERSION = YES;
				CLANG_WARN_COMMA = YES;
				CLANG_WARN_CONSTANT_CONVERSION = YES;
				CLANG_WARN_DEPRECATED_OBJC_IMPLEMENTATIONS = YES;
				CLANG_WARN_DIRECT_OBJC_ISA_USAGE = YES_ERROR;
				CLANG_WARN_DOCUMENTATION_COMMENTS = YES;
				CLANG_WARN_EMPTY_BODY = YES;
				CLANG_WARN_ENUM_CONVERSION = YES;
				CLANG_WARN_INFINITE_RECURSION = YES;
				CLANG_WARN_INT_CONVERSION = YES;
				CLANG_WARN_NON_LITERAL_NULL_CONVERSION = YES;
				CLANG_WARN_OBJC_IMPLICIT_RETAIN_SELF = YES;
				CLANG_WARN_OBJC_LITERAL_CONVERSION = YES;
				CLANG_WARN_OBJC_ROOT_CLASS = YES_ERROR;
				CLANG_WARN_QUOTED_INCLUDE_IN_FRAMEWORK_HEADER = YES;
				CLANG_WARN_RANGE_LOOP_ANALYSIS = YES;
				CLANG_WARN_STRICT_PROTOTYPES = YES;
				CLANG_WARN_SUSPICIOUS_MOVE = YES;
				CLANG_WARN_UNGUARDED_AVAILABILITY = YES_AGGRESSIVE;
				CLANG_WARN_UNREACHABLE_CODE = YES;
				CLANG_WARN__DUPLICATE_METHOD_MATCH = YES;
				COPY_PHASE_STRIP = NO;
				DEBUG_INFORMATION_FORMAT = dwarf;
				ENABLE_STRICT_OBJC_MSGSEND = YES;
				ENABLE_TESTABILITY = YES;
				GCC_C_LANGUAGE_STANDARD = gnu11;
				GCC_DYNAMIC_NO_PIC = NO;
				GCC_NO_COMMON_BLOCKS = YES;
				GCC_OPTIMIZATION_LEVEL = 0;
				GCC_PREPROCESSOR_DEFINITIONS = (
					"DEBUG=1",
					"$(inherited)",
				);
				GCC_WARN_64_TO_32_BIT_CONVERSION = YES;
				GCC_WARN_ABOUT_RETURN_TYPE = YES_ERROR;
				GCC_WARN_UNDECLARED_SELECTOR = YES;
				GCC_WARN_UNINITIALIZED_AUTOS = YES_AGGRESSIVE;
				GCC_WARN_UNUSED_FUNCTION = YES;
				GCC_WARN_UNUSED_VARIABLE = YES;
				IPHONEOS_DEPLOYMENT_TARGET = 14.5;
				MTL_ENABLE_DEBUG_INFO = INCLUDE_SOURCE;
				MTL_FAST_MATH = YES;
				ONLY_ACTIVE_ARCH = YES;
				SDKROOT = iphoneos;
				SWIFT_ACTIVE_COMPILATION_CONDITIONS = DEBUG;
				SWIFT_OPTIMIZATION_LEVEL = "-Onone";
			};
			name = Debug;
		};
		52FE2B902721D6530041C5CA /* Release */ = {
			isa = XCBuildConfiguration;
			buildSettings = {
				ALWAYS_SEARCH_USER_PATHS = NO;
				CLANG_ANALYZER_NONNULL = YES;
				CLANG_ANALYZER_NUMBER_OBJECT_CONVERSION = YES_AGGRESSIVE;
				CLANG_CXX_LANGUAGE_STANDARD = "gnu++14";
				CLANG_CXX_LIBRARY = "libc++";
				CLANG_ENABLE_MODULES = YES;
				CLANG_ENABLE_OBJC_ARC = YES;
				CLANG_ENABLE_OBJC_WEAK = YES;
				CLANG_WARN_BLOCK_CAPTURE_AUTORELEASING = YES;
				CLANG_WARN_BOOL_CONVERSION = YES;
				CLANG_WARN_COMMA = YES;
				CLANG_WARN_CONSTANT_CONVERSION = YES;
				CLANG_WARN_DEPRECATED_OBJC_IMPLEMENTATIONS = YES;
				CLANG_WARN_DIRECT_OBJC_ISA_USAGE = YES_ERROR;
				CLANG_WARN_DOCUMENTATION_COMMENTS = YES;
				CLANG_WARN_EMPTY_BODY = YES;
				CLANG_WARN_ENUM_CONVERSION = YES;
				CLANG_WARN_INFINITE_RECURSION = YES;
				CLANG_WARN_INT_CONVERSION = YES;
				CLANG_WARN_NON_LITERAL_NULL_CONVERSION = YES;
				CLANG_WARN_OBJC_IMPLICIT_RETAIN_SELF = YES;
				CLANG_WARN_OBJC_LITERAL_CONVERSION = YES;
				CLANG_WARN_OBJC_ROOT_CLASS = YES_ERROR;
				CLANG_WARN_QUOTED_INCLUDE_IN_FRAMEWORK_HEADER = YES;
				CLANG_WARN_RANGE_LOOP_ANALYSIS = YES;
				CLANG_WARN_STRICT_PROTOTYPES = YES;
				CLANG_WARN_SUSPICIOUS_MOVE = YES;
				CLANG_WARN_UNGUARDED_AVAILABILITY = YES_AGGRESSIVE;
				CLANG_WARN_UNREACHABLE_CODE = YES;
				CLANG_WARN__DUPLICATE_METHOD_MATCH = YES;
				COPY_PHASE_STRIP = NO;
				DEBUG_INFORMATION_FORMAT = "dwarf-with-dsym";
				ENABLE_NS_ASSERTIONS = NO;
				ENABLE_STRICT_OBJC_MSGSEND = YES;
				GCC_C_LANGUAGE_STANDARD = gnu11;
				GCC_NO_COMMON_BLOCKS = YES;
				GCC_WARN_64_TO_32_BIT_CONVERSION = YES;
				GCC_WARN_ABOUT_RETURN_TYPE = YES_ERROR;
				GCC_WARN_UNDECLARED_SELECTOR = YES;
				GCC_WARN_UNINITIALIZED_AUTOS = YES_AGGRESSIVE;
				GCC_WARN_UNUSED_FUNCTION = YES;
				GCC_WARN_UNUSED_VARIABLE = YES;
				IPHONEOS_DEPLOYMENT_TARGET = 14.5;
				MTL_ENABLE_DEBUG_INFO = NO;
				MTL_FAST_MATH = YES;
				SDKROOT = iphoneos;
				SWIFT_COMPILATION_MODE = wholemodule;
				SWIFT_OPTIMIZATION_LEVEL = "-O";
				VALIDATE_PRODUCT = YES;
			};
			name = Release;
		};
		52FE2B922721D6530041C5CA /* Debug */ = {
			isa = XCBuildConfiguration;
			buildSettings = {
				ASSETCATALOG_COMPILER_APPICON_NAME = AppIcon;
				ASSETCATALOG_COMPILER_GLOBAL_ACCENT_COLOR_NAME = AccentColor;
				CODE_SIGN_STYLE = Automatic;
				DEVELOPMENT_ASSET_PATHS = "";
				ENABLE_PREVIEWS = YES;
				INFOPLIST_FILE = thing/Info.plist;
				LD_RUNPATH_SEARCH_PATHS = (
					"$(inherited)",
					"@executable_path/Frameworks",
				);
				PRODUCT_BUNDLE_IDENTIFIER = johnpothier.thing;
				PRODUCT_NAME = "$(TARGET_NAME)";
				SWIFT_VERSION = 5.0;
				TARGETED_DEVICE_FAMILY = "1,2";
			};
			name = Debug;
		};
		52FE2B932721D6530041C5CA /* Release */ = {
			isa = XCBuildConfiguration;
			buildSettings = {
				ASSETCATALOG_COMPILER_APPICON_NAME = AppIcon;
				ASSETCATALOG_COMPILER_GLOBAL_ACCENT_COLOR_NAME = AccentColor;
				CODE_SIGN_STYLE = Automatic;
				DEVELOPMENT_ASSET_PATHS = "";
				ENABLE_PREVIEWS = YES;
				INFOPLIST_FILE = thing/Info.plist;
				LD_RUNPATH_SEARCH_PATHS = (
					"$(inherited)",
					"@executable_path/Frameworks",
				);
				PRODUCT_BUNDLE_IDENTIFIER = johnpothier.thing;
				PRODUCT_NAME = "$(TARGET_NAME)";
				SWIFT_VERSION = 5.0;
				TARGETED_DEVICE_FAMILY = "1,2";
			};
			name = Release;
		};
		52FE2B952721D6530041C5CA /* Debug */ = {
			isa = XCBuildConfiguration;
			buildSettings = {
				ALWAYS_EMBED_SWIFT_STANDARD_LIBRARIES = YES;
				BUNDLE_LOADER = "$(TEST_HOST)";
				CODE_SIGN_STYLE = Automatic;
				INFOPLIST_FILE = thingTests/Info.plist;
				IPHONEOS_DEPLOYMENT_TARGET = 14.5;
				LD_RUNPATH_SEARCH_PATHS = (
					"$(inherited)",
					"@executable_path/Frameworks",
					"@loader_path/Frameworks",
				);
				PRODUCT_BUNDLE_IDENTIFIER = johnpothier.thingTests;
				PRODUCT_NAME = "$(TARGET_NAME)";
				SWIFT_VERSION = 5.0;
				TARGETED_DEVICE_FAMILY = "1,2";
				TEST_HOST = "$(BUILT_PRODUCTS_DIR)/thing.app/thing";
			};
			name = Debug;
		};
		52FE2B962721D6530041C5CA /* Release */ = {
			isa = XCBuildConfiguration;
			buildSettings = {
				ALWAYS_EMBED_SWIFT_STANDARD_LIBRARIES = YES;
				BUNDLE_LOADER = "$(TEST_HOST)";
				CODE_SIGN_STYLE = Automatic;
				INFOPLIST_FILE = thingTests/Info.plist;
				IPHONEOS_DEPLOYMENT_TARGET = 14.5;
				LD_RUNPATH_SEARCH_PATHS = (
					"$(inherited)",
					"@executable_path/Frameworks",
					"@loader_path/Frameworks",
				);
				PRODUCT_BUNDLE_IDENTIFIER = johnpothier.thingTests;
				PRODUCT_NAME = "$(TARGET_NAME)";
				SWIFT_VERSION = 5.0;
				TARGETED_DEVICE_FAMILY = "1,2";
				TEST_HOST = "$(BUILT_PRODUCTS_DIR)/thing.app/thing";
			};
			name = Release;
		};
		52FE2B982721D6530041C5CA /* Debug */ = {
			isa = XCBuildConfiguration;
			buildSettings = {
				ALWAYS_EMBED_SWIFT_STANDARD_LIBRARIES = YES;
				CODE_SIGN_STYLE = Automatic;
				INFOPLIST_FILE = thingUITests/Info.plist;
				LD_RUNPATH_SEARCH_PATHS = (
					"$(inherited)",
					"@executable_path/Frameworks",
					"@loader_path/Frameworks",
				);
				PRODUCT_BUNDLE_IDENTIFIER = johnpothier.thingUITests;
				PRODUCT_NAME = "$(TARGET_NAME)";
				SWIFT_VERSION = 5.0;
				TARGETED_DEVICE_FAMILY = "1,2";
				TEST_TARGET_NAME = thing;
			};
			name = Debug;
		};
		52FE2B992721D6530041C5CA /* Release */ = {
			isa = XCBuildConfiguration;
			buildSettings = {
				ALWAYS_EMBED_SWIFT_STANDARD_LIBRARIES = YES;
				CODE_SIGN_STYLE = Automatic;
				INFOPLIST_FILE = thingUITests/Info.plist;
				LD_RUNPATH_SEARCH_PATHS = (
					"$(inherited)",
					"@executable_path/Frameworks",
					"@loader_path/Frameworks",
				);
				PRODUCT_BUNDLE_IDENTIFIER = johnpothier.thingUITests;
				PRODUCT_NAME = "$(TARGET_NAME)";
				SWIFT_VERSION = 5.0;
				TARGETED_DEVICE_FAMILY = "1,2";
				TEST_TARGET_NAME = thing;
			};
			name = Release;
		};
/* End XCBuildConfiguration section */

/* Begin XCConfigurationList section */
		52FE2B622721D6510041C5CA /* Build configuration list for PBXProject "thing" */ = {
			isa = XCConfigurationList;
			buildConfigurations = (
				52FE2B8F2721D6530041C5CA /* Debug */,
				52FE2B902721D6530041C5CA /* Release */,
			);
			defaultConfigurationIsVisible = 0;
			defaultConfigurationName = Release;
		};
		52FE2B912721D6530041C5CA /* Build configuration list for PBXNativeTarget "thing" */ = {
			isa = XCConfigurationList;
			buildConfigurations = (
				52FE2B922721D6530041C5CA /* Debug */,
				52FE2B932721D6530041C5CA /* Release */,
			);
			defaultConfigurationIsVisible = 0;
			defaultConfigurationName = Release;
		};
		52FE2B942721D6530041C5CA /* Build configuration list for PBXNativeTarget "thingTests" */ = {
			isa = XCConfigurationList;
			buildConfigurations = (
				52FE2B952721D6530041C5CA /* Debug */,
				52FE2B962721D6530041C5CA /* Release */,
			);
			defaultConfigurationIsVisible = 0;
			defaultConfigurationName = Release;
		};
		52FE2B972721D6530041C5CA /* Build configuration list for PBXNativeTarget "thingUITests" */ = {
			isa = XCConfigurationList;
			buildConfigurations = (
				52FE2B982721D6530041C5CA /* Debug */,
				52FE2B992721D6530041C5CA /* Release */,
			);
			defaultConfigurationIsVisible = 0;
			defaultConfigurationName = Release;
		};
/* End XCConfigurationList section */
	};
	rootObject = 52FE2B5F2721D6510041C5CA /* Project object */;
}
